
Microsoft Visual Studio Solution File, Format Version 12.00
# Visual Studio 15
VisualStudioVersion = 15.0.28307.168
MinimumVisualStudioVersion = 10.0.40219.1
Project("{8BC9CEB8-8B4A-11D0-8D11-00A0C91BC942}") = "lab10_task1", "lab10_task1\lab10_task1.vcxproj", "{7E36470B-87D1-4B1E-88E8-E0A6AC637996}"
EndProject
Project("{8BC9CEB8-8B4A-11D0-8D11-00A0C91BC942}") = "lab10_task2", "lab10_task2\lab10_task2.vcxproj", "{A8A07071-8630-4A80-926E-4BD29813353F}"
EndProject
Project("{8BC9CEB8-8B4A-11D0-8D11-00A0C91BC942}") = "lab11", "lab11\lab11.vcxproj", "{D198026F-5BE8-4224-B951-3C1ECAC78538}"
EndProject
Project("{8BC9CEB8-8B4A-11D0-8D11-00A0C91BC942}") = "lab12", "lab12\lab12.vcxproj", "{582AF299-4950-40AC-979E-C2A0DAB096DA}"
EndProject
Project("{8BC9CEB8-8B4A-11D0-8D11-00A0C91BC942}") = "lab12_2", "lab12_2\lab12_2.vcxproj", "{A1906668-4DD1-4765-A3F3-DAB5C39D7D96}"
EndProject
Project("{8BC9CEB8-8B4A-11D0-8D11-00A0C91BC942}") = "lab13_1", "lab13_1\lab13_1.vcxproj", "{6B7DE0D8-7A9B-44C6-B5B7-664C8B41AF41}"
EndProject
Project("{8BC9CEB8-8B4A-11D0-8D11-00A0C91BC942}") = "lab13_2", "lab13_2\lab13_2.vcxproj", "{B2E1ABC6-65B8-4A81-9CA2-7032DD724F1E}"
EndProject
Project("{8BC9CEB8-8B4A-11D0-8D11-00A0C91BC942}") = "lab13_3", "lab13_3\lab13_3.vcxproj", "{8FDFF30F-B728-4A0F-9AD6-D2C1BDAF6BAC}"
EndProject
Project("{8BC9CEB8-8B4A-11D0-8D11-00A0C91BC942}") = "lab14", "lab14\lab14.vcxproj", "{5D17B3A5-6D5D-4E96-AB63-78AA5B01997A}"
EndProject
Project("{8BC9CEB8-8B4A-11D0-8D11-00A0C91BC942}") = "lab15", "lab15\lab15.vcxproj", "{4BCA9101-DC45-4938-BD31-1AB18FF8EFD0}"
EndProject
Global
	GlobalSection(SolutionConfigurationPlatforms) = preSolution
		Debug|x64 = Debug|x64
		Debug|x86 = Debug|x86
		Release|x64 = Release|x64
		Release|x86 = Release|x86
	EndGlobalSection
	GlobalSection(ProjectConfigurationPlatforms) = postSolution
		{7E36470B-87D1-4B1E-88E8-E0A6AC637996}.Debug|x64.ActiveCfg = Debug|x64
		{7E36470B-87D1-4B1E-88E8-E0A6AC637996}.Debug|x64.Build.0 = Debug|x64
		{7E36470B-87D1-4B1E-88E8-E0A6AC637996}.Debug|x86.ActiveCfg = Debug|Win32
		{7E36470B-87D1-4B1E-88E8-E0A6AC637996}.Debug|x86.Build.0 = Debug|Win32
		{7E36470B-87D1-4B1E-88E8-E0A6AC637996}.Release|x64.ActiveCfg = Release|x64
		{7E36470B-87D1-4B1E-88E8-E0A6AC637996}.Release|x64.Build.0 = Release|x64
		{7E36470B-87D1-4B1E-88E8-E0A6AC637996}.Release|x86.ActiveCfg = Release|Win32
		{7E36470B-87D1-4B1E-88E8-E0A6AC637996}.Release|x86.Build.0 = Release|Win32
		{A8A07071-8630-4A80-926E-4BD29813353F}.Debug|x64.ActiveCfg = Debug|x64
		{A8A07071-8630-4A80-926E-4BD29813353F}.Debug|x64.Build.0 = Debug|x64
		{A8A07071-8630-4A80-926E-4BD29813353F}.Debug|x86.ActiveCfg = Debug|Win32
		{A8A07071-8630-4A80-926E-4BD29813353F}.Debug|x86.Build.0 = Debug|Win32
		{A8A07071-8630-4A80-926E-4BD29813353F}.Release|x64.ActiveCfg = Release|x64
		{A8A07071-8630-4A80-926E-4BD29813353F}.Release|x64.Build.0 = Release|x64
		{A8A07071-8630-4A80-926E-4BD29813353F}.Release|x86.ActiveCfg = Release|Win32
		{A8A07071-8630-4A80-926E-4BD29813353F}.Release|x86.Build.0 = Release|Win32
		{D198026F-5BE8-4224-B951-3C1ECAC78538}.Debug|x64.ActiveCfg = Debug|x64
		{D198026F-5BE8-4224-B951-3C1ECAC78538}.Debug|x64.Build.0 = Debug|x64
		{D198026F-5BE8-4224-B951-3C1ECAC78538}.Debug|x86.ActiveCfg = Debug|Win32
		{D198026F-5BE8-4224-B951-3C1ECAC78538}.Debug|x86.Build.0 = Debug|Win32
		{D198026F-5BE8-4224-B951-3C1ECAC78538}.Release|x64.ActiveCfg = Release|x64
		{D198026F-5BE8-4224-B951-3C1ECAC78538}.Release|x64.Build.0 = Release|x64
		{D198026F-5BE8-4224-B951-3C1ECAC78538}.Release|x86.ActiveCfg = Release|Win32
		{D198026F-5BE8-4224-B951-3C1ECAC78538}.Release|x86.Build.0 = Release|Win32
		{582AF299-4950-40AC-979E-C2A0DAB096DA}.Debug|x64.ActiveCfg = Debug|x64
		{582AF299-4950-40AC-979E-C2A0DAB096DA}.Debug|x64.Build.0 = Debug|x64
		{582AF299-4950-40AC-979E-C2A0DAB096DA}.Debug|x86.ActiveCfg = Debug|Win32
		{582AF299-4950-40AC-979E-C2A0DAB096DA}.Debug|x86.Build.0 = Debug|Win32
		{582AF299-4950-40AC-979E-C2A0DAB096DA}.Release|x64.ActiveCfg = Release|x64
		{582AF299-4950-40AC-979E-C2A0DAB096DA}.Release|x64.Build.0 = Release|x64
		{582AF299-4950-40AC-979E-C2A0DAB096DA}.Release|x86.ActiveCfg = Release|Win32
		{582AF299-4950-40AC-979E-C2A0DAB096DA}.Release|x86.Build.0 = Release|Win32
		{A1906668-4DD1-4765-A3F3-DAB5C39D7D96}.Debug|x64.ActiveCfg = Debug|x64
		{A1906668-4DD1-4765-A3F3-DAB5C39D7D96}.Debug|x64.Build.0 = Debug|x64
		{A1906668-4DD1-4765-A3F3-DAB5C39D7D96}.Debug|x86.ActiveCfg = Debug|Win32
		{A1906668-4DD1-4765-A3F3-DAB5C39D7D96}.Debug|x86.Build.0 = Debug|Win32
		{A1906668-4DD1-4765-A3F3-DAB5C39D7D96}.Release|x64.ActiveCfg = Release|x64
		{A1906668-4DD1-4765-A3F3-DAB5C39D7D96}.Release|x64.Build.0 = Release|x64
		{A1906668-4DD1-4765-A3F3-DAB5C39D7D96}.Release|x86.ActiveCfg = Release|Win32
		{A1906668-4DD1-4765-A3F3-DAB5C39D7D96}.Release|x86.Build.0 = Release|Win32
		{6B7DE0D8-7A9B-44C6-B5B7-664C8B41AF41}.Debug|x64.ActiveCfg = Debug|x64
		{6B7DE0D8-7A9B-44C6-B5B7-664C8B41AF41}.Debug|x64.Build.0 = Debug|x64
		{6B7DE0D8-7A9B-44C6-B5B7-664C8B41AF41}.Debug|x86.ActiveCfg = Debug|Win32
		{6B7DE0D8-7A9B-44C6-B5B7-664C8B41AF41}.Debug|x86.Build.0 = Debug|Win32
		{6B7DE0D8-7A9B-44C6-B5B7-664C8B41AF41}.Release|x64.ActiveCfg = Release|x64
		{6B7DE0D8-7A9B-44C6-B5B7-664C8B41AF41}.Release|x64.Build.0 = Release|x64
		{6B7DE0D8-7A9B-44C6-B5B7-664C8B41AF41}.Release|x86.ActiveCfg = Release|Win32
		{6B7DE0D8-7A9B-44C6-B5B7-664C8B41AF41}.Release|x86.Build.0 = Release|Win32
		{B2E1ABC6-65B8-4A81-9CA2-7032DD724F1E}.Debug|x64.ActiveCfg = Debug|x64
		{B2E1ABC6-65B8-4A81-9CA2-7032DD724F1E}.Debug|x64.Build.0 = Debug|x64
		{B2E1ABC6-65B8-4A81-9CA2-7032DD724F1E}.Debug|x86.ActiveCfg = Debug|Win32
		{B2E1ABC6-65B8-4A81-9CA2-7032DD724F1E}.Debug|x86.Build.0 = Debug|Win32
		{B2E1ABC6-65B8-4A81-9CA2-7032DD724F1E}.Release|x64.ActiveCfg = Release|x64
		{B2E1ABC6-65B8-4A81-9CA2-7032DD724F1E}.Release|x64.Build.0 = Release|x64
		{B2E1ABC6-65B8-4A81-9CA2-7032DD724F1E}.Release|x86.ActiveCfg = Release|Win32
		{B2E1ABC6-65B8-4A81-9CA2-7032DD724F1E}.Release|x86.Build.0 = Release|Win32
		{8FDFF30F-B728-4A0F-9AD6-D2C1BDAF6BAC}.Debug|x64.ActiveCfg = Debug|x64
		{8FDFF30F-B728-4A0F-9AD6-D2C1BDAF6BAC}.Debug|x64.Build.0 = Debug|x64
		{8FDFF30F-B728-4A0F-9AD6-D2C1BDAF6BAC}.Debug|x86.ActiveCfg = Debug|Win32
		{8FDFF30F-B728-4A0F-9AD6-D2C1BDAF6BAC}.Debug|x86.Build.0 = Debug|Win32
		{8FDFF30F-B728-4A0F-9AD6-D2C1BDAF6BAC}.Release|x64.ActiveCfg = Release|x64
		{8FDFF30F-B728-4A0F-9AD6-D2C1BDAF6BAC}.Release|x64.Build.0 = Release|x64
		{8FDFF30F-B728-4A0F-9AD6-D2C1BDAF6BAC}.Release|x86.ActiveCfg = Release|Win32
		{8FDFF30F-B728-4A0F-9AD6-D2C1BDAF6BAC}.Release|x86.Build.0 = Release|Win32
		{5D17B3A5-6D5D-4E96-AB63-78AA5B01997A}.Debug|x64.ActiveCfg = Debug|x64
		{5D17B3A5-6D5D-4E96-AB63-78AA5B01997A}.Debug|x64.Build.0 = Debug|x64
		{5D17B3A5-6D5D-4E96-AB63-78AA5B01997A}.Debug|x86.ActiveCfg = Debug|Win32
		{5D17B3A5-6D5D-4E96-AB63-78AA5B01997A}.Debug|x86.Build.0 = Debug|Win32
		{5D17B3A5-6D5D-4E96-AB63-78AA5B01997A}.Release|x64.ActiveCfg = Release|x64
		{5D17B3A5-6D5D-4E96-AB63-78AA5B01997A}.Release|x64.Build.0 = Release|x64
		{5D17B3A5-6D5D-4E96-AB63-78AA5B01997A}.Release|x86.ActiveCfg = Release|Win32
		{5D17B3A5-6D5D-4E96-AB63-78AA5B01997A}.Release|x86.Build.0 = Release|Win32
		{4BCA9101-DC45-4938-BD31-1AB18FF8EFD0}.Debug|x64.ActiveCfg = Debug|x64
		{4BCA9101-DC45-4938-BD31-1AB18FF8EFD0}.Debug|x64.Build.0 = Debug|x64
		{4BCA9101-DC45-4938-BD31-1AB18FF8EFD0}.Debug|x86.ActiveCfg = Debug|Win32
		{4BCA9101-DC45-4938-BD31-1AB18FF8EFD0}.Debug|x86.Build.0 = Debug|Win32
		{4BCA9101-DC45-4938-BD31-1AB18FF8EFD0}.Release|x64.ActiveCfg = Release|x64
		{4BCA9101-DC45-4938-BD31-1AB18FF8EFD0}.Release|x64.Build.0 = Release|x64
		{4BCA9101-DC45-4938-BD31-1AB18FF8EFD0}.Release|x86.ActiveCfg = Release|Win32
		{4BCA9101-DC45-4938-BD31-1AB18FF8EFD0}.Release|x86.Build.0 = Release|Win32
	EndGlobalSection
	GlobalSection(SolutionProperties) = preSolution
		HideSolutionNode = FALSE
	EndGlobalSection
	GlobalSection(ExtensibilityGlobals) = postSolution
		SolutionGuid = {A91EACA5-3EA7-49A3-B339-C46A5AEE6EA5}
	EndGlobalSection
EndGlobal
